
Microsoft Visual Studio Solution File, Format Version 12.00
# Visual Studio Version 16
VisualStudioVersion = 16.0.31624.102
MinimumVisualStudioVersion = 10.0.40219.1
Project("{FAE04EC0-301F-11D3-BF4B-00C04F79EFBC}") = "AoC1", "Advent of Code\AoC1.csproj", "{00061B46-D1E9-406E-9B02-B546302B24FA}"
EndProject
Project("{FAE04EC0-301F-11D3-BF4B-00C04F79EFBC}") = "AoC2", "AoC2\AoC2.csproj", "{90269D56-33BA-4275-B847-4841E3370BE4}"
EndProject
Global
	GlobalSection(SolutionConfigurationPlatforms) = preSolution
		Debug|Any CPU = Debug|Any CPU
		Release|Any CPU = Release|Any CPU
	EndGlobalSection
	GlobalSection(ProjectConfigurationPlatforms) = postSolution
		{00061B46-D1E9-406E-9B02-B546302B24FA}.Debug|Any CPU.ActiveCfg = Debug|Any CPU
		{00061B46-D1E9-406E-9B02-B546302B24FA}.Debug|Any CPU.Build.0 = Debug|Any CPU
		{00061B46-D1E9-406E-9B02-B546302B24FA}.Release|Any CPU.ActiveCfg = Release|Any CPU
		{00061B46-D1E9-406E-9B02-B546302B24FA}.Release|Any CPU.Build.0 = Release|Any CPU
		{90269D56-33BA-4275-B847-4841E3370BE4}.Debug|Any CPU.ActiveCfg = Debug|Any CPU
		{90269D56-33BA-4275-B847-4841E3370BE4}.Debug|Any CPU.Build.0 = Debug|Any CPU
		{90269D56-33BA-4275-B847-4841E3370BE4}.Release|Any CPU.ActiveCfg = Release|Any CPU
		{90269D56-33BA-4275-B847-4841E3370BE4}.Release|Any CPU.Build.0 = Release|Any CPU
	EndGlobalSection
	GlobalSection(SolutionProperties) = preSolution
		HideSolutionNode = FALSE
	EndGlobalSection
	GlobalSection(ExtensibilityGlobals) = postSolution
		SolutionGuid = {C7E4A3AC-D4D2-4185-AD1F-BBDA5C09EF1D}
	EndGlobalSection
EndGlobal
